// !$*UTF8*$!
{
	archiveVersion = 1;
	classes = {
	};
	objectVersion = 46;
	objects = {

/* Begin PBXBuildFile section */
		3633205113353BE90034C250 /* Cocoa.framework in Frameworks */ = {isa = PBXBuildFile; fileRef = 3633205013353BE90034C250 /* Cocoa.framework */; };
		36DBB7D2135140F500712EE7 /* atomic.cpp in Sources */ = {isa = PBXBuildFile; fileRef = 36DBB7C7135140F500712EE7 /* atomic.cpp */; };
		36DBB7D3135140F500712EE7 /* System.cpp in Sources */ = {isa = PBXBuildFile; fileRef = 36DBB7C9135140F500712EE7 /* System.cpp */; };
		36DBB7D4135140F500712EE7 /* TaskManager.cpp in Sources */ = {isa = PBXBuildFile; fileRef = 36DBB7CB135140F500712EE7 /* TaskManager.cpp */; };
		36DBB7D5135140F500712EE7 /* Thread.cpp in Sources */ = {isa = PBXBuildFile; fileRef = 36DBB7CD135140F500712EE7 /* Thread.cpp */; };
		36DBB7D6135140F500712EE7 /* timer.cpp in Sources */ = {isa = PBXBuildFile; fileRef = 36DBB7CF135140F500712EE7 /* timer.cpp */; };
		36DBB7D7135140F500712EE7 /* vectormath.cpp in Sources */ = {isa = PBXBuildFile; fileRef = 36DBB7D0135140F500712EE7 /* vectormath.cpp */; };
		36E24372134EEA4900C2A0B7 /* main.cpp in Sources */ = {isa = PBXBuildFile; fileRef = 36E24371134EEA4900C2A0B7 /* main.cpp */; };
		36E2437A134EEAA000C2A0B7 /* memory.cpp in Sources */ = {isa = PBXBuildFile; fileRef = 36E24376134EEAA000C2A0B7 /* memory.cpp */; };
/* End PBXBuildFile section */

/* Begin PBXFileReference section */
		3602086A13517E2C007042D7 /* rand.h */ = {isa = PBXFileReference; fileEncoding = 4; lastKnownFileType = sourcecode.c.h; name = rand.h; path = ../rand.h; sourceTree = "<group>"; };
		3633204C13353BE90034C250 /* riot.app */ = {isa = PBXFileReference; explicitFileType = wrapper.application; includeInIndex = 0; path = riot.app; sourceTree = BUILT_PRODUCTS_DIR; };
		3633205013353BE90034C250 /* Cocoa.framework */ = {isa = PBXFileReference; lastKnownFileType = wrapper.framework; name = Cocoa.framework; path = System/Library/Frameworks/Cocoa.framework; sourceTree = SDKROOT; };
		3633205313353BE90034C250 /* AppKit.framework */ = {isa = PBXFileReference; lastKnownFileType = wrapper.framework; name = AppKit.framework; path = System/Library/Frameworks/AppKit.framework; sourceTree = SDKROOT; };
		3633205413353BE90034C250 /* CoreData.framework */ = {isa = PBXFileReference; lastKnownFileType = wrapper.framework; name = CoreData.framework; path = System/Library/Frameworks/CoreData.framework; sourceTree = SDKROOT; };
		3633205513353BE90034C250 /* Foundation.framework */ = {isa = PBXFileReference; lastKnownFileType = wrapper.framework; name = Foundation.framework; path = System/Library/Frameworks/Foundation.framework; sourceTree = SDKROOT; };
		3646DD09134F007000A65DAC /* timer.h */ = {isa = PBXFileReference; fileEncoding = 4; lastKnownFileType = sourcecode.c.h; name = timer.h; path = ../timer.h; sourceTree = "<group>"; };
		36752B6013353D0400CFB14E /* riot-Info.plist */ = {isa = PBXFileReference; fileEncoding = 4; lastKnownFileType = text.plist.xml; path = "riot-Info.plist"; sourceTree = SOURCE_ROOT; };
		36DBB7C7135140F500712EE7 /* atomic.cpp */ = {isa = PBXFileReference; fileEncoding = 4; lastKnownFileType = sourcecode.cpp.cpp; name = atomic.cpp; path = ../../../riot/src/atomic.cpp; sourceTree = "<group>"; };
		36DBB7C8135140F500712EE7 /* atomic.h */ = {isa = PBXFileReference; fileEncoding = 4; lastKnownFileType = sourcecode.c.h; name = atomic.h; path = ../../../riot/src/atomic.h; sourceTree = "<group>"; };
		36DBB7C9135140F500712EE7 /* System.cpp */ = {isa = PBXFileReference; fileEncoding = 4; lastKnownFileType = sourcecode.cpp.cpp; name = System.cpp; path = ../../../riot/src/System.cpp; sourceTree = "<group>"; };
		36DBB7CA135140F500712EE7 /* System.h */ = {isa = PBXFileReference; fileEncoding = 4; lastKnownFileType = sourcecode.c.h; name = System.h; path = ../../../riot/src/System.h; sourceTree = "<group>"; };
		36DBB7CB135140F500712EE7 /* TaskManager.cpp */ = {isa = PBXFileReference; fileEncoding = 4; lastKnownFileType = sourcecode.cpp.cpp; name = TaskManager.cpp; path = ../../../riot/src/TaskManager.cpp; sourceTree = "<group>"; };
		36DBB7CC135140F500712EE7 /* TaskManager.h */ = {isa = PBXFileReference; fileEncoding = 4; lastKnownFileType = sourcecode.c.h; name = TaskManager.h; path = ../../../riot/src/TaskManager.h; sourceTree = "<group>"; };
		36DBB7CD135140F500712EE7 /* Thread.cpp */ = {isa = PBXFileReference; fileEncoding = 4; lastKnownFileType = sourcecode.cpp.cpp; name = Thread.cpp; path = ../../../riot/src/Thread.cpp; sourceTree = "<group>"; };
		36DBB7CE135140F500712EE7 /* Thread.h */ = {isa = PBXFileReference; fileEncoding = 4; lastKnownFileType = sourcecode.c.h; name = Thread.h; path = ../../../riot/src/Thread.h; sourceTree = "<group>"; };
		36DBB7CF135140F500712EE7 /* timer.cpp */ = {isa = PBXFileReference; fileEncoding = 4; lastKnownFileType = sourcecode.cpp.cpp; name = timer.cpp; path = ../../../riot/src/timer.cpp; sourceTree = "<group>"; };
		36DBB7D0135140F500712EE7 /* vectormath.cpp */ = {isa = PBXFileReference; fileEncoding = 4; lastKnownFileType = sourcecode.cpp.cpp; name = vectormath.cpp; path = ../../../riot/src/vectormath.cpp; sourceTree = "<group>"; };
		36DBB7D1135140F500712EE7 /* vectormath.h */ = {isa = PBXFileReference; fileEncoding = 4; lastKnownFileType = sourcecode.c.h; name = vectormath.h; path = ../../../riot/src/vectormath.h; sourceTree = "<group>"; };
		36E24371134EEA4900C2A0B7 /* main.cpp */ = {isa = PBXFileReference; fileEncoding = 4; lastKnownFileType = sourcecode.cpp.cpp; name = main.cpp; path = ../main.cpp; sourceTree = "<group>"; };
		36E24373134EEAA000C2A0B7 /* assert.h */ = {isa = PBXFileReference; fileEncoding = 4; lastKnownFileType = sourcecode.c.h; name = assert.h; path = ../assert.h; sourceTree = "<group>"; };
		36E24374134EEAA000C2A0B7 /* common.h */ = {isa = PBXFileReference; fileEncoding = 4; lastKnownFileType = sourcecode.c.h; name = common.h; path = ../common.h; sourceTree = "<group>"; };
		36E24375134EEAA000C2A0B7 /* config.h */ = {isa = PBXFileReference; fileEncoding = 4; lastKnownFileType = sourcecode.c.h; name = config.h; path = ../config.h; sourceTree = "<group>"; };
		36E24376134EEAA000C2A0B7 /* memory.cpp */ = {isa = PBXFileReference; fileEncoding = 4; lastKnownFileType = sourcecode.cpp.cpp; name = memory.cpp; path = ../memory.cpp; sourceTree = "<group>"; };
		36E24377134EEAA000C2A0B7 /* memory.h */ = {isa = PBXFileReference; fileEncoding = 4; lastKnownFileType = sourcecode.c.h; name = memory.h; path = ../memory.h; sourceTree = "<group>"; };
		36E24378134EEAA000C2A0B7 /* todo.h */ = {isa = PBXFileReference; fileEncoding = 4; lastKnownFileType = sourcecode.c.h; name = todo.h; path = ../todo.h; sourceTree = "<group>"; };
		36E24379134EEAA000C2A0B7 /* types.h */ = {isa = PBXFileReference; fileEncoding = 4; lastKnownFileType = sourcecode.c.h; name = types.h; path = ../types.h; sourceTree = "<group>"; };
/* End PBXFileReference section */

/* Begin PBXFrameworksBuildPhase section */
		3633204913353BE90034C250 /* Frameworks */ = {
			isa = PBXFrameworksBuildPhase;
			buildActionMask = 2147483647;
			files = (
				3633205113353BE90034C250 /* Cocoa.framework in Frameworks */,
			);
			runOnlyForDeploymentPostprocessing = 0;
		};
/* End PBXFrameworksBuildPhase section */

/* Begin PBXGroup section */
		3633204113353BE90034C250 = {
			isa = PBXGroup;
			children = (
				3602086A13517E2C007042D7 /* rand.h */,
				36DBB7C7135140F500712EE7 /* atomic.cpp */,
				36DBB7C8135140F500712EE7 /* atomic.h */,
				36DBB7C9135140F500712EE7 /* System.cpp */,
				36DBB7CA135140F500712EE7 /* System.h */,
				36DBB7CB135140F500712EE7 /* TaskManager.cpp */,
				36DBB7CC135140F500712EE7 /* TaskManager.h */,
				36DBB7CD135140F500712EE7 /* Thread.cpp */,
				36DBB7CE135140F500712EE7 /* Thread.h */,
				36DBB7CF135140F500712EE7 /* timer.cpp */,
				36DBB7D0135140F500712EE7 /* vectormath.cpp */,
				36DBB7D1135140F500712EE7 /* vectormath.h */,
				3646DD09134F007000A65DAC /* timer.h */,
				36E24373134EEAA000C2A0B7 /* assert.h */,
				36E24374134EEAA000C2A0B7 /* common.h */,
				36E24375134EEAA000C2A0B7 /* config.h */,
				36E24376134EEAA000C2A0B7 /* memory.cpp */,
				36E24377134EEAA000C2A0B7 /* memory.h */,
				36E24378134EEAA000C2A0B7 /* todo.h */,
				36E24379134EEAA000C2A0B7 /* types.h */,
				36752B6013353D0400CFB14E /* riot-Info.plist */,
				36E24371134EEA4900C2A0B7 /* main.cpp */,
				3633204F13353BE90034C250 /* Frameworks */,
				3633204D13353BE90034C250 /* Products */,
			);
			sourceTree = "<group>";
		};
		3633204D13353BE90034C250 /* Products */ = {
			isa = PBXGroup;
			children = (
				3633204C13353BE90034C250 /* riot.app */,
			);
			name = Products;
			sourceTree = "<group>";
		};
		3633204F13353BE90034C250 /* Frameworks */ = {
			isa = PBXGroup;
			children = (
				3633205013353BE90034C250 /* Cocoa.framework */,
				3633205213353BE90034C250 /* Other Frameworks */,
			);
			name = Frameworks;
			sourceTree = "<group>";
		};
		3633205213353BE90034C250 /* Other Frameworks */ = {
			isa = PBXGroup;
			children = (
				3633205313353BE90034C250 /* AppKit.framework */,
				3633205413353BE90034C250 /* CoreData.framework */,
				3633205513353BE90034C250 /* Foundation.framework */,
			);
			name = "Other Frameworks";
			sourceTree = "<group>";
		};
/* End PBXGroup section */

/* Begin PBXNativeTarget section */
		3633204B13353BE90034C250 /* riot */ = {
			isa = PBXNativeTarget;
			buildConfigurationList = 3633206A13353BEA0034C250 /* Build configuration list for PBXNativeTarget "riot" */;
			buildPhases = (
				3633204813353BE90034C250 /* Sources */,
				3633204913353BE90034C250 /* Frameworks */,
				3633204A13353BE90034C250 /* Resources */,
			);
			buildRules = (
			);
			dependencies = (
			);
			name = riot;
			productName = riot;
			productReference = 3633204C13353BE90034C250 /* riot.app */;
			productType = "com.apple.product-type.application";
		};
/* End PBXNativeTarget section */

/* Begin PBXProject section */
		3633204313353BE90034C250 /* Project object */ = {
			isa = PBXProject;
			attributes = {
				ORGANIZATIONNAME = none;
			};
			buildConfigurationList = 3633204613353BE90034C250 /* Build configuration list for PBXProject "riot" */;
			compatibilityVersion = "Xcode 3.2";
			developmentRegion = English;
			hasScannedForEncodings = 0;
			knownRegions = (
				en,
			);
			mainGroup = 3633204113353BE90034C250;
			productRefGroup = 3633204D13353BE90034C250 /* Products */;
			projectDirPath = "";
			projectRoot = "";
			targets = (
				3633204B13353BE90034C250 /* riot */,
			);
		};
/* End PBXProject section */

/* Begin PBXResourcesBuildPhase section */
		3633204A13353BE90034C250 /* Resources */ = {
			isa = PBXResourcesBuildPhase;
			buildActionMask = 2147483647;
			files = (
			);
			runOnlyForDeploymentPostprocessing = 0;
		};
/* End PBXResourcesBuildPhase section */

/* Begin PBXSourcesBuildPhase section */
		3633204813353BE90034C250 /* Sources */ = {
			isa = PBXSourcesBuildPhase;
			buildActionMask = 2147483647;
			files = (
				36E24372134EEA4900C2A0B7 /* main.cpp in Sources */,
				36E2437A134EEAA000C2A0B7 /* memory.cpp in Sources */,
				36DBB7D2135140F500712EE7 /* atomic.cpp in Sources */,
				36DBB7D3135140F500712EE7 /* System.cpp in Sources */,
				36DBB7D4135140F500712EE7 /* TaskManager.cpp in Sources */,
				36DBB7D5135140F500712EE7 /* Thread.cpp in Sources */,
				36DBB7D6135140F500712EE7 /* timer.cpp in Sources */,
				36DBB7D7135140F500712EE7 /* vectormath.cpp in Sources */,
			);
			runOnlyForDeploymentPostprocessing = 0;
		};
/* End PBXSourcesBuildPhase section */

/* Begin XCBuildConfiguration section */
		3633206813353BEA0034C250 /* Debug */ = {
			isa = XCBuildConfiguration;
			buildSettings = {
				ARCHS = "$(ARCHS_STANDARD_32_64_BIT)";
				GCC_C_LANGUAGE_STANDARD = gnu99;
				GCC_OPTIMIZATION_LEVEL = 0;
				GCC_PREPROCESSOR_DEFINITIONS = DEBUG;
				GCC_SYMBOLS_PRIVATE_EXTERN = NO;
				GCC_VERSION = com.apple.compilers.llvm.clang.1_0;
				GCC_WARN_64_TO_32_BIT_CONVERSION = YES;
				GCC_WARN_ABOUT_RETURN_TYPE = YES;
				GCC_WARN_UNUSED_VARIABLE = YES;
				MACOSX_DEPLOYMENT_TARGET = 10.6;
				ONLY_ACTIVE_ARCH = YES;
				SDKROOT = macosx;
			};
			name = Debug;
		};
		3633206913353BEA0034C250 /* Release */ = {
			isa = XCBuildConfiguration;
			buildSettings = {
				ARCHS = "$(ARCHS_STANDARD_32_64_BIT)";
				GCC_C_LANGUAGE_STANDARD = gnu99;
				GCC_VERSION = com.apple.compilers.llvm.clang.1_0;
				GCC_WARN_64_TO_32_BIT_CONVERSION = YES;
				GCC_WARN_ABOUT_RETURN_TYPE = YES;
				GCC_WARN_UNUSED_VARIABLE = YES;
				MACOSX_DEPLOYMENT_TARGET = 10.6;
				SDKROOT = macosx;
			};
			name = Release;
		};
		3633206B13353BEA0034C250 /* Debug */ = {
			isa = XCBuildConfiguration;
			buildSettings = {
				ALWAYS_SEARCH_USER_PATHS = NO;
				COPY_PHASE_STRIP = NO;
				GCC_DYNAMIC_NO_PIC = NO;
				GCC_ENABLE_OBJC_EXCEPTIONS = YES;
				GCC_PRECOMPILE_PREFIX_HEADER = NO;
				GCC_PREFIX_HEADER = "";
				INFOPLIST_FILE = "riot-Info.plist";
				PRODUCT_NAME = "$(TARGET_NAME)";
				WRAPPER_EXTENSION = app;
			};
			name = Debug;
		};
		3633206C13353BEA0034C250 /* Release */ = {
			isa = XCBuildConfiguration;
			buildSettings = {
				ALWAYS_SEARCH_USER_PATHS = NO;
				COPY_PHASE_STRIP = YES;
				DEBUG_INFORMATION_FORMAT = "dwarf-with-dsym";
				GCC_ENABLE_OBJC_EXCEPTIONS = YES;
				GCC_PRECOMPILE_PREFIX_HEADER = NO;
				GCC_PREFIX_HEADER = "";
				INFOPLIST_FILE = "riot-Info.plist";
				PRODUCT_NAME = "$(TARGET_NAME)";
				WRAPPER_EXTENSION = app;
			};
			name = Release;
		};
/* End XCBuildConfiguration section */

/* Begin XCConfigurationList section */
		3633204613353BE90034C250 /* Build configuration list for PBXProject "riot" */ = {
			isa = XCConfigurationList;
			buildConfigurations = (
				3633206813353BEA0034C250 /* Debug */,
				3633206913353BEA0034C250 /* Release */,
			);
			defaultConfigurationIsVisible = 0;
			defaultConfigurationName = Release;
		};
		3633206A13353BEA0034C250 /* Build configuration list for PBXNativeTarget "riot" */ = {
			isa = XCConfigurationList;
			buildConfigurations = (
				3633206B13353BEA0034C250 /* Debug */,
				3633206C13353BEA0034C250 /* Release */,
			);
			defaultConfigurationIsVisible = 0;
			defaultConfigurationName = Release;
		};
/* End XCConfigurationList section */
	};
	rootObject = 3633204313353BE90034C250 /* Project object */;
}
