// !$*UTF8*$!
{
	archiveVersion = 1;
	classes = {
	};
	objectVersion = 46;
	objects = {

/* Begin PBXBuildFile section */
		3633205113353BE90034C250 /* Cocoa.framework in Frameworks */ = {isa = PBXBuildFile; fileRef = 3633205013353BE90034C250 /* Cocoa.framework */; };
		36752B6113353D0400CFB14E /* riot-Info.plist in Resources */ = {isa = PBXBuildFile; fileRef = 36752B6013353D0400CFB14E /* riot-Info.plist */; };
		36752B7313353D9000CFB14E /* architecture.cpp in Sources */ = {isa = PBXBuildFile; fileRef = 36752B6313353D9000CFB14E /* architecture.cpp */; };
		36752B7413353D9000CFB14E /* Input.cpp in Sources */ = {isa = PBXBuildFile; fileRef = 36752B6413353D9000CFB14E /* Input.cpp */; };
		36752B7513353D9000CFB14E /* main.cpp in Sources */ = {isa = PBXBuildFile; fileRef = 36752B6513353D9000CFB14E /* main.cpp */; };
		36752B7613353D9000CFB14E /* Math.cpp in Sources */ = {isa = PBXBuildFile; fileRef = 36752B6613353D9000CFB14E /* Math.cpp */; };
		36752B7713353D9000CFB14E /* Memory.cpp in Sources */ = {isa = PBXBuildFile; fileRef = 36752B6713353D9000CFB14E /* Memory.cpp */; };
		36752B7813353D9000CFB14E /* Riot.cpp in Sources */ = {isa = PBXBuildFile; fileRef = 36752B6813353D9000CFB14E /* Riot.cpp */; };
		36752B7913353D9000CFB14E /* Window.cpp in Sources */ = {isa = PBXBuildFile; fileRef = 36752B6913353D9000CFB14E /* Window.cpp */; };
/* End PBXBuildFile section */

/* Begin PBXFileReference section */
		3633204C13353BE90034C250 /* riot.app */ = {isa = PBXFileReference; explicitFileType = wrapper.application; includeInIndex = 0; path = riot.app; sourceTree = BUILT_PRODUCTS_DIR; };
		3633205013353BE90034C250 /* Cocoa.framework */ = {isa = PBXFileReference; lastKnownFileType = wrapper.framework; name = Cocoa.framework; path = System/Library/Frameworks/Cocoa.framework; sourceTree = SDKROOT; };
		3633205313353BE90034C250 /* AppKit.framework */ = {isa = PBXFileReference; lastKnownFileType = wrapper.framework; name = AppKit.framework; path = System/Library/Frameworks/AppKit.framework; sourceTree = SDKROOT; };
		3633205413353BE90034C250 /* CoreData.framework */ = {isa = PBXFileReference; lastKnownFileType = wrapper.framework; name = CoreData.framework; path = System/Library/Frameworks/CoreData.framework; sourceTree = SDKROOT; };
		3633205513353BE90034C250 /* Foundation.framework */ = {isa = PBXFileReference; lastKnownFileType = wrapper.framework; name = Foundation.framework; path = System/Library/Frameworks/Foundation.framework; sourceTree = SDKROOT; };
		36752B6013353D0400CFB14E /* riot-Info.plist */ = {isa = PBXFileReference; fileEncoding = 4; lastKnownFileType = text.plist.xml; path = "riot-Info.plist"; sourceTree = SOURCE_ROOT; };
		36752B6313353D9000CFB14E /* architecture.cpp */ = {isa = PBXFileReference; fileEncoding = 4; lastKnownFileType = sourcecode.cpp.cpp; path = architecture.cpp; sourceTree = "<group>"; };
		36752B6413353D9000CFB14E /* Input.cpp */ = {isa = PBXFileReference; fileEncoding = 4; lastKnownFileType = sourcecode.cpp.cpp; path = Input.cpp; sourceTree = "<group>"; };
		36752B6513353D9000CFB14E /* main.cpp */ = {isa = PBXFileReference; fileEncoding = 4; lastKnownFileType = sourcecode.cpp.cpp; path = main.cpp; sourceTree = "<group>"; };
		36752B6613353D9000CFB14E /* Math.cpp */ = {isa = PBXFileReference; fileEncoding = 4; lastKnownFileType = sourcecode.cpp.cpp; path = Math.cpp; sourceTree = "<group>"; };
		36752B6713353D9000CFB14E /* Memory.cpp */ = {isa = PBXFileReference; fileEncoding = 4; lastKnownFileType = sourcecode.cpp.cpp; path = Memory.cpp; sourceTree = "<group>"; };
		36752B6813353D9000CFB14E /* Riot.cpp */ = {isa = PBXFileReference; fileEncoding = 4; lastKnownFileType = sourcecode.cpp.cpp; path = Riot.cpp; sourceTree = "<group>"; };
		36752B6913353D9000CFB14E /* Window.cpp */ = {isa = PBXFileReference; fileEncoding = 4; lastKnownFileType = sourcecode.cpp.cpp; path = Window.cpp; sourceTree = "<group>"; };
		36752B6A13353D9000CFB14E /* Window.h */ = {isa = PBXFileReference; fileEncoding = 4; lastKnownFileType = sourcecode.c.h; path = Window.h; sourceTree = "<group>"; };
		36752B6C13353D9000CFB14E /* Input.h */ = {isa = PBXFileReference; fileEncoding = 4; lastKnownFileType = sourcecode.c.h; path = Input.h; sourceTree = "<group>"; };
		36752B6D13353D9000CFB14E /* IRefCounted.h */ = {isa = PBXFileReference; fileEncoding = 4; lastKnownFileType = sourcecode.c.h; path = IRefCounted.h; sourceTree = "<group>"; };
		36752B6E13353D9000CFB14E /* Memory.h */ = {isa = PBXFileReference; fileEncoding = 4; lastKnownFileType = sourcecode.c.h; path = Memory.h; sourceTree = "<group>"; };
		36752B6F13353D9000CFB14E /* Riot.h */ = {isa = PBXFileReference; fileEncoding = 4; lastKnownFileType = sourcecode.c.h; path = Riot.h; sourceTree = "<group>"; };
		36752B7013353D9000CFB14E /* RiotMath.h */ = {isa = PBXFileReference; fileEncoding = 4; lastKnownFileType = sourcecode.c.h; path = RiotMath.h; sourceTree = "<group>"; };
		36752B7113353D9000CFB14E /* Timer.h */ = {isa = PBXFileReference; fileEncoding = 4; lastKnownFileType = sourcecode.c.h; path = Timer.h; sourceTree = "<group>"; };
		36752B7213353D9000CFB14E /* Types.h */ = {isa = PBXFileReference; fileEncoding = 4; lastKnownFileType = sourcecode.c.h; path = Types.h; sourceTree = "<group>"; };
/* End PBXFileReference section */

/* Begin PBXFrameworksBuildPhase section */
		3633204913353BE90034C250 /* Frameworks */ = {
			isa = PBXFrameworksBuildPhase;
			buildActionMask = 2147483647;
			files = (
				3633205113353BE90034C250 /* Cocoa.framework in Frameworks */,
			);
			runOnlyForDeploymentPostprocessing = 0;
		};
/* End PBXFrameworksBuildPhase section */

/* Begin PBXGroup section */
		3633204113353BE90034C250 = {
			isa = PBXGroup;
			children = (
				3633205613353BE90034C250 /* riot */,
				3633204F13353BE90034C250 /* Frameworks */,
				3633204D13353BE90034C250 /* Products */,
			);
			sourceTree = "<group>";
		};
		3633204D13353BE90034C250 /* Products */ = {
			isa = PBXGroup;
			children = (
				3633204C13353BE90034C250 /* riot.app */,
			);
			name = Products;
			sourceTree = "<group>";
		};
		3633204F13353BE90034C250 /* Frameworks */ = {
			isa = PBXGroup;
			children = (
				3633205013353BE90034C250 /* Cocoa.framework */,
				3633205213353BE90034C250 /* Other Frameworks */,
			);
			name = Frameworks;
			sourceTree = "<group>";
		};
		3633205213353BE90034C250 /* Other Frameworks */ = {
			isa = PBXGroup;
			children = (
				3633205313353BE90034C250 /* AppKit.framework */,
				3633205413353BE90034C250 /* CoreData.framework */,
				3633205513353BE90034C250 /* Foundation.framework */,
			);
			name = "Other Frameworks";
			sourceTree = "<group>";
		};
		3633205613353BE90034C250 /* riot */ = {
			isa = PBXGroup;
			children = (
				36752B6213353D9000CFB14E /* code */,
				36752B6B13353D9000CFB14E /* include */,
				36752B6013353D0400CFB14E /* riot-Info.plist */,
			);
			path = riot;
			sourceTree = "<group>";
		};
		36752B6213353D9000CFB14E /* code */ = {
			isa = PBXGroup;
			children = (
				36752B6313353D9000CFB14E /* architecture.cpp */,
				36752B6413353D9000CFB14E /* Input.cpp */,
				36752B6513353D9000CFB14E /* main.cpp */,
				36752B6613353D9000CFB14E /* Math.cpp */,
				36752B6713353D9000CFB14E /* Memory.cpp */,
				36752B6813353D9000CFB14E /* Riot.cpp */,
				36752B6913353D9000CFB14E /* Window.cpp */,
				36752B6A13353D9000CFB14E /* Window.h */,
			);
			name = code;
			path = ../../code;
			sourceTree = "<group>";
		};
		36752B6B13353D9000CFB14E /* include */ = {
			isa = PBXGroup;
			children = (
				36752B6C13353D9000CFB14E /* Input.h */,
				36752B6D13353D9000CFB14E /* IRefCounted.h */,
				36752B6E13353D9000CFB14E /* Memory.h */,
				36752B6F13353D9000CFB14E /* Riot.h */,
				36752B7013353D9000CFB14E /* RiotMath.h */,
				36752B7113353D9000CFB14E /* Timer.h */,
				36752B7213353D9000CFB14E /* Types.h */,
			);
			name = include;
			path = ../../include;
			sourceTree = "<group>";
		};
/* End PBXGroup section */

/* Begin PBXNativeTarget section */
		3633204B13353BE90034C250 /* riot */ = {
			isa = PBXNativeTarget;
			buildConfigurationList = 3633206A13353BEA0034C250 /* Build configuration list for PBXNativeTarget "riot" */;
			buildPhases = (
				3633204813353BE90034C250 /* Sources */,
				3633204913353BE90034C250 /* Frameworks */,
				3633204A13353BE90034C250 /* Resources */,
			);
			buildRules = (
			);
			dependencies = (
			);
			name = riot;
			productName = riot;
			productReference = 3633204C13353BE90034C250 /* riot.app */;
			productType = "com.apple.product-type.application";
		};
/* End PBXNativeTarget section */

/* Begin PBXProject section */
		3633204313353BE90034C250 /* Project object */ = {
			isa = PBXProject;
			attributes = {
				ORGANIZATIONNAME = none;
			};
			buildConfigurationList = 3633204613353BE90034C250 /* Build configuration list for PBXProject "riot" */;
			compatibilityVersion = "Xcode 3.2";
			developmentRegion = English;
			hasScannedForEncodings = 0;
			knownRegions = (
				en,
			);
			mainGroup = 3633204113353BE90034C250;
			productRefGroup = 3633204D13353BE90034C250 /* Products */;
			projectDirPath = "";
			projectRoot = "";
			targets = (
				3633204B13353BE90034C250 /* riot */,
			);
		};
/* End PBXProject section */

/* Begin PBXResourcesBuildPhase section */
		3633204A13353BE90034C250 /* Resources */ = {
			isa = PBXResourcesBuildPhase;
			buildActionMask = 2147483647;
			files = (
				36752B6113353D0400CFB14E /* riot-Info.plist in Resources */,
			);
			runOnlyForDeploymentPostprocessing = 0;
		};
/* End PBXResourcesBuildPhase section */

/* Begin PBXSourcesBuildPhase section */
		3633204813353BE90034C250 /* Sources */ = {
			isa = PBXSourcesBuildPhase;
			buildActionMask = 2147483647;
			files = (
				36752B7313353D9000CFB14E /* architecture.cpp in Sources */,
				36752B7413353D9000CFB14E /* Input.cpp in Sources */,
				36752B7513353D9000CFB14E /* main.cpp in Sources */,
				36752B7613353D9000CFB14E /* Math.cpp in Sources */,
				36752B7713353D9000CFB14E /* Memory.cpp in Sources */,
				36752B7813353D9000CFB14E /* Riot.cpp in Sources */,
				36752B7913353D9000CFB14E /* Window.cpp in Sources */,
			);
			runOnlyForDeploymentPostprocessing = 0;
		};
/* End PBXSourcesBuildPhase section */

/* Begin XCBuildConfiguration section */
		3633206813353BEA0034C250 /* Debug */ = {
			isa = XCBuildConfiguration;
			buildSettings = {
				ARCHS = "$(ARCHS_STANDARD_32_64_BIT)";
				GCC_C_LANGUAGE_STANDARD = gnu99;
				GCC_OPTIMIZATION_LEVEL = 0;
				GCC_PREPROCESSOR_DEFINITIONS = DEBUG;
				GCC_SYMBOLS_PRIVATE_EXTERN = NO;
				GCC_VERSION = com.apple.compilers.llvm.clang.1_0;
				GCC_WARN_64_TO_32_BIT_CONVERSION = YES;
				GCC_WARN_ABOUT_RETURN_TYPE = YES;
				GCC_WARN_UNUSED_VARIABLE = YES;
				MACOSX_DEPLOYMENT_TARGET = 10.6;
				ONLY_ACTIVE_ARCH = YES;
				SDKROOT = macosx;
			};
			name = Debug;
		};
		3633206913353BEA0034C250 /* Release */ = {
			isa = XCBuildConfiguration;
			buildSettings = {
				ARCHS = "$(ARCHS_STANDARD_32_64_BIT)";
				GCC_C_LANGUAGE_STANDARD = gnu99;
				GCC_VERSION = com.apple.compilers.llvm.clang.1_0;
				GCC_WARN_64_TO_32_BIT_CONVERSION = YES;
				GCC_WARN_ABOUT_RETURN_TYPE = YES;
				GCC_WARN_UNUSED_VARIABLE = YES;
				MACOSX_DEPLOYMENT_TARGET = 10.6;
				SDKROOT = macosx;
			};
			name = Release;
		};
		3633206B13353BEA0034C250 /* Debug */ = {
			isa = XCBuildConfiguration;
			buildSettings = {
				ALWAYS_SEARCH_USER_PATHS = NO;
				COPY_PHASE_STRIP = NO;
				GCC_DYNAMIC_NO_PIC = NO;
				GCC_ENABLE_OBJC_EXCEPTIONS = YES;
				GCC_PRECOMPILE_PREFIX_HEADER = YES;
				GCC_PREFIX_HEADER = "riot/riot-Prefix.pch";
				INFOPLIST_FILE = "riot-Info.plist";
				PRODUCT_NAME = "$(TARGET_NAME)";
				WRAPPER_EXTENSION = app;
			};
			name = Debug;
		};
		3633206C13353BEA0034C250 /* Release */ = {
			isa = XCBuildConfiguration;
			buildSettings = {
				ALWAYS_SEARCH_USER_PATHS = NO;
				COPY_PHASE_STRIP = YES;
				DEBUG_INFORMATION_FORMAT = "dwarf-with-dsym";
				GCC_ENABLE_OBJC_EXCEPTIONS = YES;
				GCC_PRECOMPILE_PREFIX_HEADER = YES;
				GCC_PREFIX_HEADER = "riot/riot-Prefix.pch";
				INFOPLIST_FILE = "riot-Info.plist";
				PRODUCT_NAME = "$(TARGET_NAME)";
				WRAPPER_EXTENSION = app;
			};
			name = Release;
		};
/* End XCBuildConfiguration section */

/* Begin XCConfigurationList section */
		3633204613353BE90034C250 /* Build configuration list for PBXProject "riot" */ = {
			isa = XCConfigurationList;
			buildConfigurations = (
				3633206813353BEA0034C250 /* Debug */,
				3633206913353BEA0034C250 /* Release */,
			);
			defaultConfigurationIsVisible = 0;
			defaultConfigurationName = Release;
		};
		3633206A13353BEA0034C250 /* Build configuration list for PBXNativeTarget "riot" */ = {
			isa = XCConfigurationList;
			buildConfigurations = (
				3633206B13353BEA0034C250 /* Debug */,
				3633206C13353BEA0034C250 /* Release */,
			);
			defaultConfigurationIsVisible = 0;
			defaultConfigurationName = Release;
		};
/* End XCConfigurationList section */
	};
	rootObject = 3633204313353BE90034C250 /* Project object */;
}
