// !$*UTF8*$!
{
	archiveVersion = 1;
	classes = {
	};
	objectVersion = 46;
	objects = {

/* Begin PBXBuildFile section */
		360F4B621353E178009C28A0 /* OpenGL.framework in Frameworks */ = {isa = PBXBuildFile; fileRef = 360F4B611353E178009C28A0 /* OpenGL.framework */; };
		3633205113353BE90034C250 /* Cocoa.framework in Frameworks */ = {isa = PBXBuildFile; fileRef = 3633205013353BE90034C250 /* Cocoa.framework */; };
		36D8E00A136412F200C6F300 /* Camera.cpp in Sources */ = {isa = PBXBuildFile; fileRef = 36D8DFCE136412F200C6F300 /* Camera.cpp */; };
		36D8E00B136412F200C6F300 /* Engine.cpp in Sources */ = {isa = PBXBuildFile; fileRef = 36D8DFD0136412F200C6F300 /* Engine.cpp */; };
		36D8E00C136412F200C6F300 /* InputManager.cpp in Sources */ = {isa = PBXBuildFile; fileRef = 36D8DFD4136412F200C6F300 /* InputManager.cpp */; };
		36D8E00D136412F200C6F300 /* MessageDispatcher.cpp in Sources */ = {isa = PBXBuildFile; fileRef = 36D8DFD8136412F200C6F300 /* MessageDispatcher.cpp */; };
		36D8E00E136412F200C6F300 /* System.cpp in Sources */ = {isa = PBXBuildFile; fileRef = 36D8DFDA136412F200C6F300 /* System.cpp */; };
		36D8E00F136412F200C6F300 /* TaskManager.cpp in Sources */ = {isa = PBXBuildFile; fileRef = 36D8DFDC136412F200C6F300 /* TaskManager.cpp */; };
		36D8E010136412F200C6F300 /* Thread.cpp in Sources */ = {isa = PBXBuildFile; fileRef = 36D8DFDE136412F200C6F300 /* Thread.cpp */; };
		36D8E011136412F200C6F300 /* timer.cpp in Sources */ = {isa = PBXBuildFile; fileRef = 36D8DFE0136412F200C6F300 /* timer.cpp */; };
		36D8E012136412F200C6F300 /* Window.cpp in Sources */ = {isa = PBXBuildFile; fileRef = 36D8DFE2136412F200C6F300 /* Window.cpp */; };
		36D8E016136412F200C6F300 /* Graphics.cpp in Sources */ = {isa = PBXBuildFile; fileRef = 36D8DFEB136412F200C6F300 /* Graphics.cpp */; };
		36D8E017136412F200C6F300 /* Mesh.cpp in Sources */ = {isa = PBXBuildFile; fileRef = 36D8DFEE136412F200C6F300 /* Mesh.cpp */; };
		36D8E018136412F200C6F300 /* OGLGraphics.cpp in Sources */ = {isa = PBXBuildFile; fileRef = 36D8DFF1136412F200C6F300 /* OGLGraphics.cpp */; };
		36D8E019136412F200C6F300 /* OGLGraphicsObjects.cpp in Sources */ = {isa = PBXBuildFile; fileRef = 36D8DFF3136412F200C6F300 /* OGLGraphicsObjects.cpp */; };
		36D8E01A136412F200C6F300 /* Renderer.cpp in Sources */ = {isa = PBXBuildFile; fileRef = 36D8DFF5136412F200C6F300 /* Renderer.cpp */; };
		36D8E01B136412F200C6F300 /* VertexFormats.cpp in Sources */ = {isa = PBXBuildFile; fileRef = 36D8DFF7136412F200C6F300 /* VertexFormats.cpp */; };
		36D8E01C136412F200C6F300 /* View.cpp in Sources */ = {isa = PBXBuildFile; fileRef = 36D8DFF9136412F200C6F300 /* View.cpp */; };
		36D8E01D136412F200C6F300 /* atomic.cpp in Sources */ = {isa = PBXBuildFile; fileRef = 36D8DFFD136412F200C6F300 /* atomic.cpp */; };
		36D8E01E136412F200C6F300 /* memory.cpp in Sources */ = {isa = PBXBuildFile; fileRef = 36D8E001136412F200C6F300 /* memory.cpp */; };
		36D8E01F136412F200C6F300 /* Rand.cpp in Sources */ = {isa = PBXBuildFile; fileRef = 36D8E003136412F200C6F300 /* Rand.cpp */; };
		36D8E020136412F200C6F300 /* utility.cpp in Sources */ = {isa = PBXBuildFile; fileRef = 36D8E006136412F200C6F300 /* utility.cpp */; };
		36D8E021136412F200C6F300 /* vectormath.cpp in Sources */ = {isa = PBXBuildFile; fileRef = 36D8E008136412F200C6F300 /* vectormath.cpp */; };
		36D8E0281364130400C6F300 /* Menu.xib in Resources */ = {isa = PBXBuildFile; fileRef = 36D8E0231364130400C6F300 /* Menu.xib */; };
		36D8E0291364130400C6F300 /* OSXApplication.mm in Sources */ = {isa = PBXBuildFile; fileRef = 36D8E0251364130400C6F300 /* OSXApplication.mm */; };
		36D8E02A1364130400C6F300 /* OSXOpenGL.cpp in Sources */ = {isa = PBXBuildFile; fileRef = 36D8E0261364130400C6F300 /* OSXOpenGL.cpp */; };
		36D8E0381364131E00C6F300 /* ComponentSystem.txt in Resources */ = {isa = PBXBuildFile; fileRef = 36D8E0311364131E00C6F300 /* ComponentSystem.txt */; };
		36D8E0391364131E00C6F300 /* ObjectManager.cpp in Sources */ = {isa = PBXBuildFile; fileRef = 36D8E0321364131E00C6F300 /* ObjectManager.cpp */; };
		36D8E03A1364131E00C6F300 /* Terrain.cpp in Sources */ = {isa = PBXBuildFile; fileRef = 36D8E0341364131E00C6F300 /* Terrain.cpp */; };
		36EA62ED135426F50052D5E7 /* main.cpp in Sources */ = {isa = PBXBuildFile; fileRef = 36EA62CE135426F50052D5E7 /* main.cpp */; };
		36FB23761367A96E00B9F9ED /* ComponentCollidable.cpp in Sources */ = {isa = PBXBuildFile; fileRef = 36FB236D1367A96E00B9F9ED /* ComponentCollidable.cpp */; };
		36FB23771367A96E00B9F9ED /* ComponentLight.cpp in Sources */ = {isa = PBXBuildFile; fileRef = 36FB236F1367A96E00B9F9ED /* ComponentLight.cpp */; };
		36FB23781367A96E00B9F9ED /* ComponentRender.cpp in Sources */ = {isa = PBXBuildFile; fileRef = 36FB23711367A96E00B9F9ED /* ComponentRender.cpp */; };
		36FB23791367A96E00B9F9ED /* ComponentRigidBody.cpp in Sources */ = {isa = PBXBuildFile; fileRef = 36FB23731367A96E00B9F9ED /* ComponentRigidBody.cpp */; };
/* End PBXBuildFile section */

/* Begin PBXFileReference section */
		360F4B611353E178009C28A0 /* OpenGL.framework */ = {isa = PBXFileReference; lastKnownFileType = wrapper.framework; name = OpenGL.framework; path = System/Library/Frameworks/OpenGL.framework; sourceTree = SDKROOT; };
		3633204C13353BE90034C250 /* riot.app */ = {isa = PBXFileReference; explicitFileType = wrapper.application; includeInIndex = 0; path = riot.app; sourceTree = BUILT_PRODUCTS_DIR; };
		3633205013353BE90034C250 /* Cocoa.framework */ = {isa = PBXFileReference; lastKnownFileType = wrapper.framework; name = Cocoa.framework; path = System/Library/Frameworks/Cocoa.framework; sourceTree = SDKROOT; };
		3633205313353BE90034C250 /* AppKit.framework */ = {isa = PBXFileReference; lastKnownFileType = wrapper.framework; name = AppKit.framework; path = System/Library/Frameworks/AppKit.framework; sourceTree = SDKROOT; };
		3633205413353BE90034C250 /* CoreData.framework */ = {isa = PBXFileReference; lastKnownFileType = wrapper.framework; name = CoreData.framework; path = System/Library/Frameworks/CoreData.framework; sourceTree = SDKROOT; };
		3633205513353BE90034C250 /* Foundation.framework */ = {isa = PBXFileReference; lastKnownFileType = wrapper.framework; name = Foundation.framework; path = System/Library/Frameworks/Foundation.framework; sourceTree = SDKROOT; };
		36752B6013353D0400CFB14E /* riot-Info.plist */ = {isa = PBXFileReference; fileEncoding = 4; lastKnownFileType = text.plist.xml; path = "riot-Info.plist"; sourceTree = SOURCE_ROOT; };
		36D8DFCE136412F200C6F300 /* Camera.cpp */ = {isa = PBXFileReference; fileEncoding = 4; lastKnownFileType = sourcecode.cpp.cpp; path = Camera.cpp; sourceTree = "<group>"; };
		36D8DFCF136412F200C6F300 /* Camera.h */ = {isa = PBXFileReference; fileEncoding = 4; lastKnownFileType = sourcecode.c.h; path = Camera.h; sourceTree = "<group>"; };
		36D8DFD0136412F200C6F300 /* Engine.cpp */ = {isa = PBXFileReference; fileEncoding = 4; lastKnownFileType = sourcecode.cpp.cpp; path = Engine.cpp; sourceTree = "<group>"; };
		36D8DFD1136412F200C6F300 /* Engine.h */ = {isa = PBXFileReference; fileEncoding = 4; lastKnownFileType = sourcecode.c.h; path = Engine.h; sourceTree = "<group>"; };
		36D8DFD2136412F200C6F300 /* IListener.h */ = {isa = PBXFileReference; fileEncoding = 4; lastKnownFileType = sourcecode.c.h; path = IListener.h; sourceTree = "<group>"; };
		36D8DFD3136412F200C6F300 /* Input.h */ = {isa = PBXFileReference; fileEncoding = 4; lastKnownFileType = sourcecode.c.h; path = Input.h; sourceTree = "<group>"; };
		36D8DFD4136412F200C6F300 /* InputManager.cpp */ = {isa = PBXFileReference; fileEncoding = 4; lastKnownFileType = sourcecode.cpp.cpp; path = InputManager.cpp; sourceTree = "<group>"; };
		36D8DFD5136412F200C6F300 /* InputManager.h */ = {isa = PBXFileReference; fileEncoding = 4; lastKnownFileType = sourcecode.c.h; path = InputManager.h; sourceTree = "<group>"; };
		36D8DFD6136412F200C6F300 /* IRefCounted.h */ = {isa = PBXFileReference; fileEncoding = 4; lastKnownFileType = sourcecode.c.h; path = IRefCounted.h; sourceTree = "<group>"; };
		36D8DFD7136412F200C6F300 /* Message.h */ = {isa = PBXFileReference; fileEncoding = 4; lastKnownFileType = sourcecode.c.h; path = Message.h; sourceTree = "<group>"; };
		36D8DFD8136412F200C6F300 /* MessageDispatcher.cpp */ = {isa = PBXFileReference; fileEncoding = 4; lastKnownFileType = sourcecode.cpp.cpp; path = MessageDispatcher.cpp; sourceTree = "<group>"; };
		36D8DFD9136412F200C6F300 /* MessageDispatcher.h */ = {isa = PBXFileReference; fileEncoding = 4; lastKnownFileType = sourcecode.c.h; path = MessageDispatcher.h; sourceTree = "<group>"; };
		36D8DFDA136412F200C6F300 /* System.cpp */ = {isa = PBXFileReference; explicitFileType = sourcecode.cpp.objcpp; fileEncoding = 4; path = System.cpp; sourceTree = "<group>"; };
		36D8DFDB136412F200C6F300 /* System.h */ = {isa = PBXFileReference; fileEncoding = 4; lastKnownFileType = sourcecode.c.h; path = System.h; sourceTree = "<group>"; };
		36D8DFDC136412F200C6F300 /* TaskManager.cpp */ = {isa = PBXFileReference; fileEncoding = 4; lastKnownFileType = sourcecode.cpp.cpp; path = TaskManager.cpp; sourceTree = "<group>"; };
		36D8DFDD136412F200C6F300 /* TaskManager.h */ = {isa = PBXFileReference; fileEncoding = 4; lastKnownFileType = sourcecode.c.h; path = TaskManager.h; sourceTree = "<group>"; };
		36D8DFDE136412F200C6F300 /* Thread.cpp */ = {isa = PBXFileReference; fileEncoding = 4; lastKnownFileType = sourcecode.cpp.cpp; path = Thread.cpp; sourceTree = "<group>"; };
		36D8DFDF136412F200C6F300 /* Thread.h */ = {isa = PBXFileReference; fileEncoding = 4; lastKnownFileType = sourcecode.c.h; path = Thread.h; sourceTree = "<group>"; };
		36D8DFE0136412F200C6F300 /* timer.cpp */ = {isa = PBXFileReference; fileEncoding = 4; lastKnownFileType = sourcecode.cpp.cpp; path = timer.cpp; sourceTree = "<group>"; };
		36D8DFE1136412F200C6F300 /* timer.h */ = {isa = PBXFileReference; fileEncoding = 4; lastKnownFileType = sourcecode.c.h; path = timer.h; sourceTree = "<group>"; };
		36D8DFE2136412F200C6F300 /* Window.cpp */ = {isa = PBXFileReference; fileEncoding = 4; lastKnownFileType = sourcecode.cpp.cpp; path = Window.cpp; sourceTree = "<group>"; };
		36D8DFE3136412F200C6F300 /* Window.h */ = {isa = PBXFileReference; fileEncoding = 4; lastKnownFileType = sourcecode.c.h; path = Window.h; sourceTree = "<group>"; };
		36D8DFEB136412F200C6F300 /* Graphics.cpp */ = {isa = PBXFileReference; fileEncoding = 4; lastKnownFileType = sourcecode.cpp.cpp; path = Graphics.cpp; sourceTree = "<group>"; };
		36D8DFEC136412F200C6F300 /* Graphics.h */ = {isa = PBXFileReference; fileEncoding = 4; lastKnownFileType = sourcecode.c.h; path = Graphics.h; sourceTree = "<group>"; };
		36D8DFED136412F200C6F300 /* GraphicsObjects.h */ = {isa = PBXFileReference; fileEncoding = 4; lastKnownFileType = sourcecode.c.h; path = GraphicsObjects.h; sourceTree = "<group>"; };
		36D8DFEE136412F200C6F300 /* Mesh.cpp */ = {isa = PBXFileReference; fileEncoding = 4; lastKnownFileType = sourcecode.cpp.cpp; path = Mesh.cpp; sourceTree = "<group>"; };
		36D8DFEF136412F200C6F300 /* Mesh.h */ = {isa = PBXFileReference; fileEncoding = 4; lastKnownFileType = sourcecode.c.h; path = Mesh.h; sourceTree = "<group>"; };
		36D8DFF1136412F200C6F300 /* OGLGraphics.cpp */ = {isa = PBXFileReference; explicitFileType = sourcecode.cpp.objcpp; fileEncoding = 4; path = OGLGraphics.cpp; sourceTree = "<group>"; };
		36D8DFF2136412F200C6F300 /* OGLGraphics.h */ = {isa = PBXFileReference; fileEncoding = 4; lastKnownFileType = sourcecode.c.h; path = OGLGraphics.h; sourceTree = "<group>"; };
		36D8DFF3136412F200C6F300 /* OGLGraphicsObjects.cpp */ = {isa = PBXFileReference; explicitFileType = sourcecode.cpp.objcpp; fileEncoding = 4; path = OGLGraphicsObjects.cpp; sourceTree = "<group>"; };
		36D8DFF4136412F200C6F300 /* OGLGraphicsObjects.h */ = {isa = PBXFileReference; fileEncoding = 4; lastKnownFileType = sourcecode.c.h; path = OGLGraphicsObjects.h; sourceTree = "<group>"; };
		36D8DFF5136412F200C6F300 /* Renderer.cpp */ = {isa = PBXFileReference; explicitFileType = sourcecode.cpp.objcpp; fileEncoding = 4; path = Renderer.cpp; sourceTree = "<group>"; };
		36D8DFF6136412F200C6F300 /* Renderer.h */ = {isa = PBXFileReference; fileEncoding = 4; lastKnownFileType = sourcecode.c.h; path = Renderer.h; sourceTree = "<group>"; };
		36D8DFF7136412F200C6F300 /* VertexFormats.cpp */ = {isa = PBXFileReference; fileEncoding = 4; lastKnownFileType = sourcecode.cpp.cpp; path = VertexFormats.cpp; sourceTree = "<group>"; };
		36D8DFF8136412F200C6F300 /* VertexFormats.h */ = {isa = PBXFileReference; fileEncoding = 4; lastKnownFileType = sourcecode.c.h; path = VertexFormats.h; sourceTree = "<group>"; };
		36D8DFF9136412F200C6F300 /* View.cpp */ = {isa = PBXFileReference; fileEncoding = 4; lastKnownFileType = sourcecode.cpp.cpp; path = View.cpp; sourceTree = "<group>"; };
		36D8DFFA136412F200C6F300 /* View.h */ = {isa = PBXFileReference; fileEncoding = 4; lastKnownFileType = sourcecode.c.h; path = View.h; sourceTree = "<group>"; };
		36D8DFFC136412F200C6F300 /* assert.h */ = {isa = PBXFileReference; fileEncoding = 4; lastKnownFileType = sourcecode.c.h; path = assert.h; sourceTree = "<group>"; };
		36D8DFFD136412F200C6F300 /* atomic.cpp */ = {isa = PBXFileReference; fileEncoding = 4; lastKnownFileType = sourcecode.cpp.cpp; path = atomic.cpp; sourceTree = "<group>"; };
		36D8DFFE136412F200C6F300 /* atomic.h */ = {isa = PBXFileReference; fileEncoding = 4; lastKnownFileType = sourcecode.c.h; path = atomic.h; sourceTree = "<group>"; };
		36D8DFFF136412F200C6F300 /* common.h */ = {isa = PBXFileReference; fileEncoding = 4; lastKnownFileType = sourcecode.c.h; path = common.h; sourceTree = "<group>"; };
		36D8E000136412F200C6F300 /* config.h */ = {isa = PBXFileReference; fileEncoding = 4; lastKnownFileType = sourcecode.c.h; path = config.h; sourceTree = "<group>"; };
		36D8E001136412F200C6F300 /* memory.cpp */ = {isa = PBXFileReference; fileEncoding = 4; lastKnownFileType = sourcecode.cpp.cpp; path = memory.cpp; sourceTree = "<group>"; };
		36D8E002136412F200C6F300 /* memory.h */ = {isa = PBXFileReference; fileEncoding = 4; lastKnownFileType = sourcecode.c.h; path = memory.h; sourceTree = "<group>"; };
		36D8E003136412F200C6F300 /* Rand.cpp */ = {isa = PBXFileReference; fileEncoding = 4; lastKnownFileType = sourcecode.cpp.cpp; path = Rand.cpp; sourceTree = "<group>"; };
		36D8E004136412F200C6F300 /* rand.h */ = {isa = PBXFileReference; fileEncoding = 4; lastKnownFileType = sourcecode.c.h; path = rand.h; sourceTree = "<group>"; };
		36D8E005136412F200C6F300 /* types.h */ = {isa = PBXFileReference; fileEncoding = 4; lastKnownFileType = sourcecode.c.h; path = types.h; sourceTree = "<group>"; };
		36D8E006136412F200C6F300 /* utility.cpp */ = {isa = PBXFileReference; fileEncoding = 4; lastKnownFileType = sourcecode.cpp.cpp; path = utility.cpp; sourceTree = "<group>"; };
		36D8E007136412F200C6F300 /* utility.h */ = {isa = PBXFileReference; fileEncoding = 4; lastKnownFileType = sourcecode.c.h; path = utility.h; sourceTree = "<group>"; };
		36D8E008136412F200C6F300 /* vectormath.cpp */ = {isa = PBXFileReference; fileEncoding = 4; lastKnownFileType = sourcecode.cpp.cpp; path = vectormath.cpp; sourceTree = "<group>"; };
		36D8E009136412F200C6F300 /* vectormath.h */ = {isa = PBXFileReference; fileEncoding = 4; lastKnownFileType = sourcecode.c.h; path = vectormath.h; sourceTree = "<group>"; };
		36D8E0231364130400C6F300 /* Menu.xib */ = {isa = PBXFileReference; fileEncoding = 4; lastKnownFileType = file.xib; path = Menu.xib; sourceTree = "<group>"; };
		36D8E0241364130400C6F300 /* OSXApplication.h */ = {isa = PBXFileReference; fileEncoding = 4; lastKnownFileType = sourcecode.c.h; path = OSXApplication.h; sourceTree = "<group>"; };
		36D8E0251364130400C6F300 /* OSXApplication.mm */ = {isa = PBXFileReference; fileEncoding = 4; lastKnownFileType = sourcecode.cpp.objcpp; path = OSXApplication.mm; sourceTree = "<group>"; };
		36D8E0261364130400C6F300 /* OSXOpenGL.cpp */ = {isa = PBXFileReference; explicitFileType = sourcecode.cpp.objcpp; fileEncoding = 4; path = OSXOpenGL.cpp; sourceTree = "<group>"; };
		36D8E0271364130400C6F300 /* SystemOpenGL.h */ = {isa = PBXFileReference; fileEncoding = 4; lastKnownFileType = sourcecode.c.h; name = SystemOpenGL.h; path = ../platform/SystemOpenGL.h; sourceTree = "<group>"; };
		36D8E02E1364131E00C6F300 /* Component.h */ = {isa = PBXFileReference; fileEncoding = 4; lastKnownFileType = sourcecode.c.h; path = Component.h; sourceTree = "<group>"; };
		36D8E0311364131E00C6F300 /* ComponentSystem.txt */ = {isa = PBXFileReference; fileEncoding = 4; lastKnownFileType = text; path = ComponentSystem.txt; sourceTree = "<group>"; };
		36D8E0321364131E00C6F300 /* ObjectManager.cpp */ = {isa = PBXFileReference; fileEncoding = 4; lastKnownFileType = sourcecode.cpp.cpp; path = ObjectManager.cpp; sourceTree = "<group>"; };
		36D8E0331364131E00C6F300 /* ObjectManager.h */ = {isa = PBXFileReference; fileEncoding = 4; lastKnownFileType = sourcecode.c.h; path = ObjectManager.h; sourceTree = "<group>"; };
		36D8E0341364131E00C6F300 /* Terrain.cpp */ = {isa = PBXFileReference; fileEncoding = 4; lastKnownFileType = sourcecode.cpp.cpp; path = Terrain.cpp; sourceTree = "<group>"; };
		36D8E0351364131E00C6F300 /* Terrain.h */ = {isa = PBXFileReference; fileEncoding = 4; lastKnownFileType = sourcecode.c.h; path = Terrain.h; sourceTree = "<group>"; };
		36EA62CE135426F50052D5E7 /* main.cpp */ = {isa = PBXFileReference; fileEncoding = 4; lastKnownFileType = sourcecode.cpp.cpp; name = main.cpp; path = ../main.cpp; sourceTree = "<group>"; };
		36EA62DC135426F50052D5E7 /* todo.h */ = {isa = PBXFileReference; fileEncoding = 4; lastKnownFileType = sourcecode.c.h; name = todo.h; path = ../todo.h; sourceTree = "<group>"; };
		36FB236D1367A96E00B9F9ED /* ComponentCollidable.cpp */ = {isa = PBXFileReference; fileEncoding = 4; lastKnownFileType = sourcecode.cpp.cpp; path = ComponentCollidable.cpp; sourceTree = "<group>"; };
		36FB236E1367A96E00B9F9ED /* ComponentCollidable.h */ = {isa = PBXFileReference; fileEncoding = 4; lastKnownFileType = sourcecode.c.h; path = ComponentCollidable.h; sourceTree = "<group>"; };
		36FB236F1367A96E00B9F9ED /* ComponentLight.cpp */ = {isa = PBXFileReference; fileEncoding = 4; lastKnownFileType = sourcecode.cpp.cpp; path = ComponentLight.cpp; sourceTree = "<group>"; };
		36FB23701367A96E00B9F9ED /* ComponentLight.h */ = {isa = PBXFileReference; fileEncoding = 4; lastKnownFileType = sourcecode.c.h; path = ComponentLight.h; sourceTree = "<group>"; };
		36FB23711367A96E00B9F9ED /* ComponentRender.cpp */ = {isa = PBXFileReference; fileEncoding = 4; lastKnownFileType = sourcecode.cpp.cpp; path = ComponentRender.cpp; sourceTree = "<group>"; };
		36FB23721367A96E00B9F9ED /* ComponentRender.h */ = {isa = PBXFileReference; fileEncoding = 4; lastKnownFileType = sourcecode.c.h; path = ComponentRender.h; sourceTree = "<group>"; };
		36FB23731367A96E00B9F9ED /* ComponentRigidBody.cpp */ = {isa = PBXFileReference; fileEncoding = 4; lastKnownFileType = sourcecode.cpp.cpp; path = ComponentRigidBody.cpp; sourceTree = "<group>"; };
		36FB23741367A96E00B9F9ED /* ComponentRigidBody.h */ = {isa = PBXFileReference; fileEncoding = 4; lastKnownFileType = sourcecode.c.h; path = ComponentRigidBody.h; sourceTree = "<group>"; };
		36FB23751367A96E00B9F9ED /* IComponent.h */ = {isa = PBXFileReference; fileEncoding = 4; lastKnownFileType = sourcecode.c.h; path = IComponent.h; sourceTree = "<group>"; };
/* End PBXFileReference section */

/* Begin PBXFrameworksBuildPhase section */
		3633204913353BE90034C250 /* Frameworks */ = {
			isa = PBXFrameworksBuildPhase;
			buildActionMask = 2147483647;
			files = (
				360F4B621353E178009C28A0 /* OpenGL.framework in Frameworks */,
				3633205113353BE90034C250 /* Cocoa.framework in Frameworks */,
			);
			runOnlyForDeploymentPostprocessing = 0;
		};
/* End PBXFrameworksBuildPhase section */

/* Begin PBXGroup section */
		3633204113353BE90034C250 = {
			isa = PBXGroup;
			children = (
				36EA62F4135427000052D5E7 /* src */,
				36752B6013353D0400CFB14E /* riot-Info.plist */,
				3633204F13353BE90034C250 /* Frameworks */,
				3633204D13353BE90034C250 /* Products */,
			);
			sourceTree = "<group>";
		};
		3633204D13353BE90034C250 /* Products */ = {
			isa = PBXGroup;
			children = (
				3633204C13353BE90034C250 /* riot.app */,
			);
			name = Products;
			sourceTree = "<group>";
		};
		3633204F13353BE90034C250 /* Frameworks */ = {
			isa = PBXGroup;
			children = (
				360F4B611353E178009C28A0 /* OpenGL.framework */,
				3633205013353BE90034C250 /* Cocoa.framework */,
				3633205213353BE90034C250 /* Other Frameworks */,
			);
			name = Frameworks;
			sourceTree = "<group>";
		};
		3633205213353BE90034C250 /* Other Frameworks */ = {
			isa = PBXGroup;
			children = (
				3633205313353BE90034C250 /* AppKit.framework */,
				3633205413353BE90034C250 /* CoreData.framework */,
				3633205513353BE90034C250 /* Foundation.framework */,
			);
			name = "Other Frameworks";
			sourceTree = "<group>";
		};
		36D8DFCD136412F200C6F300 /* core */ = {
			isa = PBXGroup;
			children = (
				36D8DFCE136412F200C6F300 /* Camera.cpp */,
				36D8DFCF136412F200C6F300 /* Camera.h */,
				36D8DFD0136412F200C6F300 /* Engine.cpp */,
				36D8DFD1136412F200C6F300 /* Engine.h */,
				36D8DFD2136412F200C6F300 /* IListener.h */,
				36D8DFD3136412F200C6F300 /* Input.h */,
				36D8DFD4136412F200C6F300 /* InputManager.cpp */,
				36D8DFD5136412F200C6F300 /* InputManager.h */,
				36D8DFD6136412F200C6F300 /* IRefCounted.h */,
				36D8DFD7136412F200C6F300 /* Message.h */,
				36D8DFD8136412F200C6F300 /* MessageDispatcher.cpp */,
				36D8DFD9136412F200C6F300 /* MessageDispatcher.h */,
				36D8DFDA136412F200C6F300 /* System.cpp */,
				36D8DFDB136412F200C6F300 /* System.h */,
				36D8DFDC136412F200C6F300 /* TaskManager.cpp */,
				36D8DFDD136412F200C6F300 /* TaskManager.h */,
				36D8DFDE136412F200C6F300 /* Thread.cpp */,
				36D8DFDF136412F200C6F300 /* Thread.h */,
				36D8DFE0136412F200C6F300 /* timer.cpp */,
				36D8DFE1136412F200C6F300 /* timer.h */,
				36D8DFE2136412F200C6F300 /* Window.cpp */,
				36D8DFE3136412F200C6F300 /* Window.h */,
			);
			name = core;
			path = ../core;
			sourceTree = "<group>";
		};
		36D8DFE4136412F200C6F300 /* gfx */ = {
			isa = PBXGroup;
			children = (
				36D8DFF0136412F200C6F300 /* OGL */,
				36D8DFEB136412F200C6F300 /* Graphics.cpp */,
				36D8DFEC136412F200C6F300 /* Graphics.h */,
				36D8DFED136412F200C6F300 /* GraphicsObjects.h */,
				36D8DFEE136412F200C6F300 /* Mesh.cpp */,
				36D8DFEF136412F200C6F300 /* Mesh.h */,
				36D8DFF5136412F200C6F300 /* Renderer.cpp */,
				36D8DFF6136412F200C6F300 /* Renderer.h */,
				36D8DFF7136412F200C6F300 /* VertexFormats.cpp */,
				36D8DFF8136412F200C6F300 /* VertexFormats.h */,
				36D8DFF9136412F200C6F300 /* View.cpp */,
				36D8DFFA136412F200C6F300 /* View.h */,
			);
			name = gfx;
			path = ../gfx;
			sourceTree = "<group>";
		};
		36D8DFF0136412F200C6F300 /* OGL */ = {
			isa = PBXGroup;
			children = (
				36D8DFF1136412F200C6F300 /* OGLGraphics.cpp */,
				36D8DFF2136412F200C6F300 /* OGLGraphics.h */,
				36D8DFF3136412F200C6F300 /* OGLGraphicsObjects.cpp */,
				36D8DFF4136412F200C6F300 /* OGLGraphicsObjects.h */,
			);
			path = OGL;
			sourceTree = "<group>";
		};
		36D8DFFB136412F200C6F300 /* global */ = {
			isa = PBXGroup;
			children = (
				36D8DFFC136412F200C6F300 /* assert.h */,
				36D8DFFD136412F200C6F300 /* atomic.cpp */,
				36D8DFFE136412F200C6F300 /* atomic.h */,
				36D8DFFF136412F200C6F300 /* common.h */,
				36D8E000136412F200C6F300 /* config.h */,
				36D8E001136412F200C6F300 /* memory.cpp */,
				36D8E002136412F200C6F300 /* memory.h */,
				36D8E003136412F200C6F300 /* Rand.cpp */,
				36D8E004136412F200C6F300 /* rand.h */,
				36D8E005136412F200C6F300 /* types.h */,
				36D8E006136412F200C6F300 /* utility.cpp */,
				36D8E007136412F200C6F300 /* utility.h */,
				36D8E008136412F200C6F300 /* vectormath.cpp */,
				36D8E009136412F200C6F300 /* vectormath.h */,
			);
			name = global;
			path = ../global;
			sourceTree = "<group>";
		};
		36D8E0221364130400C6F300 /* OSX */ = {
			isa = PBXGroup;
			children = (
				36D8E0231364130400C6F300 /* Menu.xib */,
				36D8E0241364130400C6F300 /* OSXApplication.h */,
				36D8E0251364130400C6F300 /* OSXApplication.mm */,
				36D8E0261364130400C6F300 /* OSXOpenGL.cpp */,
			);
			name = OSX;
			path = ../platform/OSX;
			sourceTree = "<group>";
		};
		36D8E02B1364130A00C6F300 /* platform */ = {
			isa = PBXGroup;
			children = (
				36D8E0221364130400C6F300 /* OSX */,
				36D8E0271364130400C6F300 /* SystemOpenGL.h */,
			);
			name = platform;
			sourceTree = "<group>";
		};
		36D8E02C1364131E00C6F300 /* scene */ = {
			isa = PBXGroup;
			children = (
				36FB236D1367A96E00B9F9ED /* ComponentCollidable.cpp */,
				36FB236E1367A96E00B9F9ED /* ComponentCollidable.h */,
				36FB236F1367A96E00B9F9ED /* ComponentLight.cpp */,
				36FB23701367A96E00B9F9ED /* ComponentLight.h */,
				36FB23711367A96E00B9F9ED /* ComponentRender.cpp */,
				36FB23721367A96E00B9F9ED /* ComponentRender.h */,
				36FB23731367A96E00B9F9ED /* ComponentRigidBody.cpp */,
				36FB23741367A96E00B9F9ED /* ComponentRigidBody.h */,
				36FB23751367A96E00B9F9ED /* IComponent.h */,
				36D8E02E1364131E00C6F300 /* Component.h */,
				36D8E0311364131E00C6F300 /* ComponentSystem.txt */,
				36D8E0321364131E00C6F300 /* ObjectManager.cpp */,
				36D8E0331364131E00C6F300 /* ObjectManager.h */,
				36D8E0341364131E00C6F300 /* Terrain.cpp */,
				36D8E0351364131E00C6F300 /* Terrain.h */,
			);
			name = scene;
			path = ../scene;
			sourceTree = "<group>";
		};
		36EA62F4135427000052D5E7 /* src */ = {
			isa = PBXGroup;
			children = (
				36D8E02C1364131E00C6F300 /* scene */,
				36D8E02B1364130A00C6F300 /* platform */,
				36D8DFCD136412F200C6F300 /* core */,
				36D8DFE4136412F200C6F300 /* gfx */,
				36D8DFFB136412F200C6F300 /* global */,
				36EA62CE135426F50052D5E7 /* main.cpp */,
				36EA62DC135426F50052D5E7 /* todo.h */,
			);
			name = src;
			sourceTree = "<group>";
		};
/* End PBXGroup section */

/* Begin PBXNativeTarget section */
		3633204B13353BE90034C250 /* riot */ = {
			isa = PBXNativeTarget;
			buildConfigurationList = 3633206A13353BEA0034C250 /* Build configuration list for PBXNativeTarget "riot" */;
			buildPhases = (
				3633204813353BE90034C250 /* Sources */,
				3633204913353BE90034C250 /* Frameworks */,
				3633204A13353BE90034C250 /* Resources */,
			);
			buildRules = (
			);
			dependencies = (
			);
			name = riot;
			productName = riot;
			productReference = 3633204C13353BE90034C250 /* riot.app */;
			productType = "com.apple.product-type.application";
		};
/* End PBXNativeTarget section */

/* Begin PBXProject section */
		3633204313353BE90034C250 /* Project object */ = {
			isa = PBXProject;
			attributes = {
				ORGANIZATIONNAME = none;
			};
			buildConfigurationList = 3633204613353BE90034C250 /* Build configuration list for PBXProject "riot" */;
			compatibilityVersion = "Xcode 3.2";
			developmentRegion = English;
			hasScannedForEncodings = 0;
			knownRegions = (
				en,
			);
			mainGroup = 3633204113353BE90034C250;
			productRefGroup = 3633204D13353BE90034C250 /* Products */;
			projectDirPath = "";
			projectRoot = "";
			targets = (
				3633204B13353BE90034C250 /* riot */,
			);
		};
/* End PBXProject section */

/* Begin PBXResourcesBuildPhase section */
		3633204A13353BE90034C250 /* Resources */ = {
			isa = PBXResourcesBuildPhase;
			buildActionMask = 2147483647;
			files = (
				36D8E0281364130400C6F300 /* Menu.xib in Resources */,
				36D8E0381364131E00C6F300 /* ComponentSystem.txt in Resources */,
			);
			runOnlyForDeploymentPostprocessing = 0;
		};
/* End PBXResourcesBuildPhase section */

/* Begin PBXSourcesBuildPhase section */
		3633204813353BE90034C250 /* Sources */ = {
			isa = PBXSourcesBuildPhase;
			buildActionMask = 2147483647;
			files = (
				36EA62ED135426F50052D5E7 /* main.cpp in Sources */,
				36D8E00A136412F200C6F300 /* Camera.cpp in Sources */,
				36D8E00B136412F200C6F300 /* Engine.cpp in Sources */,
				36D8E00C136412F200C6F300 /* InputManager.cpp in Sources */,
				36D8E00D136412F200C6F300 /* MessageDispatcher.cpp in Sources */,
				36D8E00E136412F200C6F300 /* System.cpp in Sources */,
				36D8E00F136412F200C6F300 /* TaskManager.cpp in Sources */,
				36D8E010136412F200C6F300 /* Thread.cpp in Sources */,
				36D8E011136412F200C6F300 /* timer.cpp in Sources */,
				36D8E012136412F200C6F300 /* Window.cpp in Sources */,
				36D8E016136412F200C6F300 /* Graphics.cpp in Sources */,
				36D8E017136412F200C6F300 /* Mesh.cpp in Sources */,
				36D8E018136412F200C6F300 /* OGLGraphics.cpp in Sources */,
				36D8E019136412F200C6F300 /* OGLGraphicsObjects.cpp in Sources */,
				36D8E01A136412F200C6F300 /* Renderer.cpp in Sources */,
				36D8E01B136412F200C6F300 /* VertexFormats.cpp in Sources */,
				36D8E01C136412F200C6F300 /* View.cpp in Sources */,
				36D8E01D136412F200C6F300 /* atomic.cpp in Sources */,
				36D8E01E136412F200C6F300 /* memory.cpp in Sources */,
				36D8E01F136412F200C6F300 /* Rand.cpp in Sources */,
				36D8E020136412F200C6F300 /* utility.cpp in Sources */,
				36D8E021136412F200C6F300 /* vectormath.cpp in Sources */,
				36D8E0291364130400C6F300 /* OSXApplication.mm in Sources */,
				36D8E02A1364130400C6F300 /* OSXOpenGL.cpp in Sources */,
				36D8E0391364131E00C6F300 /* ObjectManager.cpp in Sources */,
				36D8E03A1364131E00C6F300 /* Terrain.cpp in Sources */,
				36FB23761367A96E00B9F9ED /* ComponentCollidable.cpp in Sources */,
				36FB23771367A96E00B9F9ED /* ComponentLight.cpp in Sources */,
				36FB23781367A96E00B9F9ED /* ComponentRender.cpp in Sources */,
				36FB23791367A96E00B9F9ED /* ComponentRigidBody.cpp in Sources */,
			);
			runOnlyForDeploymentPostprocessing = 0;
		};
/* End PBXSourcesBuildPhase section */

/* Begin XCBuildConfiguration section */
		3633206813353BEA0034C250 /* Debug */ = {
			isa = XCBuildConfiguration;
			buildSettings = {
				ARCHS = "$(ARCHS_STANDARD_32_64_BIT)";
				GCC_C_LANGUAGE_STANDARD = gnu99;
				GCC_OPTIMIZATION_LEVEL = 0;
				GCC_PREPROCESSOR_DEFINITIONS = DEBUG;
				GCC_SYMBOLS_PRIVATE_EXTERN = NO;
				GCC_VERSION = com.apple.compilers.llvm.clang.1_0;
				GCC_WARN_64_TO_32_BIT_CONVERSION = YES;
				GCC_WARN_ABOUT_RETURN_TYPE = YES;
				GCC_WARN_UNUSED_VARIABLE = YES;
				MACOSX_DEPLOYMENT_TARGET = 10.6;
				ONLY_ACTIVE_ARCH = YES;
				SDKROOT = macosx;
			};
			name = Debug;
		};
		3633206913353BEA0034C250 /* Release */ = {
			isa = XCBuildConfiguration;
			buildSettings = {
				ARCHS = "$(ARCHS_STANDARD_32_64_BIT)";
				GCC_C_LANGUAGE_STANDARD = gnu99;
				GCC_VERSION = com.apple.compilers.llvm.clang.1_0;
				GCC_WARN_64_TO_32_BIT_CONVERSION = YES;
				GCC_WARN_ABOUT_RETURN_TYPE = YES;
				GCC_WARN_UNUSED_VARIABLE = YES;
				MACOSX_DEPLOYMENT_TARGET = 10.6;
				SDKROOT = macosx;
			};
			name = Release;
		};
		3633206B13353BEA0034C250 /* Debug */ = {
			isa = XCBuildConfiguration;
			buildSettings = {
				ALWAYS_SEARCH_USER_PATHS = YES;
				COPY_PHASE_STRIP = NO;
				GCC_DYNAMIC_NO_PIC = NO;
				GCC_ENABLE_OBJC_EXCEPTIONS = YES;
				GCC_PRECOMPILE_PREFIX_HEADER = NO;
				GCC_PREFIX_HEADER = "";
				GCC_PREPROCESSOR_DEFINITIONS = (
					DEBUG,
					__AVX__,
				);
				HEADER_SEARCH_PATHS = "";
				INFOPLIST_FILE = "riot-Info.plist";
				PRODUCT_NAME = "$(TARGET_NAME)";
				USER_HEADER_SEARCH_PATHS = "";
				WRAPPER_EXTENSION = app;
			};
			name = Debug;
		};
		3633206C13353BEA0034C250 /* Release */ = {
			isa = XCBuildConfiguration;
			buildSettings = {
				ALWAYS_SEARCH_USER_PATHS = YES;
				COPY_PHASE_STRIP = YES;
				DEBUG_INFORMATION_FORMAT = "dwarf-with-dsym";
				GCC_ENABLE_OBJC_EXCEPTIONS = YES;
				GCC_PRECOMPILE_PREFIX_HEADER = NO;
				GCC_PREFIX_HEADER = "";
				GCC_PREPROCESSOR_DEFINITIONS = __AVX__;
				HEADER_SEARCH_PATHS = "";
				INFOPLIST_FILE = "riot-Info.plist";
				PRODUCT_NAME = "$(TARGET_NAME)";
				USER_HEADER_SEARCH_PATHS = "";
				WRAPPER_EXTENSION = app;
			};
			name = Release;
		};
/* End XCBuildConfiguration section */

/* Begin XCConfigurationList section */
		3633204613353BE90034C250 /* Build configuration list for PBXProject "riot" */ = {
			isa = XCConfigurationList;
			buildConfigurations = (
				3633206813353BEA0034C250 /* Debug */,
				3633206913353BEA0034C250 /* Release */,
			);
			defaultConfigurationIsVisible = 0;
			defaultConfigurationName = Release;
		};
		3633206A13353BEA0034C250 /* Build configuration list for PBXNativeTarget "riot" */ = {
			isa = XCConfigurationList;
			buildConfigurations = (
				3633206B13353BEA0034C250 /* Debug */,
				3633206C13353BEA0034C250 /* Release */,
			);
			defaultConfigurationIsVisible = 0;
			defaultConfigurationName = Release;
		};
/* End XCConfigurationList section */
	};
	rootObject = 3633204313353BE90034C250 /* Project object */;
}
