<?xml version="1.0" encoding="utf-8"?>
<Project ToolsVersion="4.0" xmlns="http://schemas.microsoft.com/developer/msbuild/2003">
  <ItemGroup>
    <ClCompile Include="code\main.cpp" />
    <ClCompile Include="code\RiotMemory.cpp" />
    <ClCompile Include="code\Riot.cpp" />
    <ClCompile Include="code\RiotMath.cpp" />
    <ClCompile Include="code\RiotInput.cpp" />
  </ItemGroup>
  <ItemGroup>
    <ClInclude Include="include\RiotMemory.h" />
    <ClInclude Include="include\RiotTypes.h" />
    <ClInclude Include="include\vector.h" />
    <ClInclude Include="include\IRefCounted.h" />
    <ClInclude Include="include\Riot.h" />
    <ClInclude Include="include\RiotTimer.h" />
    <ClInclude Include="include\RiotMath.h" />
    <ClInclude Include="include\RiotInput.h" />
  </ItemGroup>
</Project>