<?xml version="1.0" encoding="utf-8"?>
<Project ToolsVersion="4.0" xmlns="http://schemas.microsoft.com/developer/msbuild/2003">
  <ItemGroup>
    <Filter Include="Gfx">
      <UniqueIdentifier>{be532f08-75f6-44c3-987b-f0beb912c2d9}</UniqueIdentifier>
    </Filter>
    <Filter Include="main">
      <UniqueIdentifier>{9caae71b-cc91-4f88-808e-6ea11ee08864}</UniqueIdentifier>
    </Filter>
    <Filter Include="Physics">
      <UniqueIdentifier>{48dde4f0-e220-4664-a0bb-2cc7a3efc9cb}</UniqueIdentifier>
    </Filter>
    <Filter Include="Scene">
      <UniqueIdentifier>{13ae0836-f575-4f83-a1f5-d1bcfac09f80}</UniqueIdentifier>
    </Filter>
    <Filter Include="Platform">
      <UniqueIdentifier>{036d69f0-a4bf-4432-a7db-84f191f9f36a}</UniqueIdentifier>
    </Filter>
    <Filter Include="assets">
      <UniqueIdentifier>{fad24d1a-0d86-4382-a5a5-411a90ee6690}</UniqueIdentifier>
    </Filter>
    <Filter Include="assets\shaders">
      <UniqueIdentifier>{5eb8ce90-d410-44b3-abd3-25a2126c6237}</UniqueIdentifier>
    </Filter>
  </ItemGroup>
  <ItemGroup>
    <ClCompile Include="..\main.cpp" />
    <ClCompile Include="..\memory.cpp" />
    <ClCompile Include="..\timer.cpp" />
    <ClCompile Include="..\atomic.cpp" />
    <ClCompile Include="..\vectormath.cpp" />
    <ClCompile Include="..\System.cpp" />
    <ClCompile Include="..\TaskManager.cpp" />
    <ClCompile Include="..\Thread.cpp" />
  </ItemGroup>
  <ItemGroup>
    <ClInclude Include="..\todo.h" />
    <ClInclude Include="..\common.h" />
    <ClInclude Include="..\config.h" />
    <ClInclude Include="..\types.h" />
    <ClInclude Include="..\memory.h" />
    <ClInclude Include="..\assert.h" />
    <ClInclude Include="..\timer.h" />
    <ClInclude Include="..\atomic.h" />
    <ClInclude Include="..\vectormath.h" />
    <ClInclude Include="..\System.h" />
    <ClInclude Include="..\TaskManager.h" />
    <ClInclude Include="..\Thread.h" />
  </ItemGroup>
</Project>