<?xml version="1.0" encoding="utf-8"?>
<Project ToolsVersion="4.0" xmlns="http://schemas.microsoft.com/developer/msbuild/2003">
  <ItemGroup>
    <Filter Include="Gfx">
      <UniqueIdentifier>{be532f08-75f6-44c3-987b-f0beb912c2d9}</UniqueIdentifier>
    </Filter>
    <Filter Include="Physics">
      <UniqueIdentifier>{48dde4f0-e220-4664-a0bb-2cc7a3efc9cb}</UniqueIdentifier>
    </Filter>
    <Filter Include="Scene">
      <UniqueIdentifier>{13ae0836-f575-4f83-a1f5-d1bcfac09f80}</UniqueIdentifier>
    </Filter>
    <Filter Include="Platform">
      <UniqueIdentifier>{036d69f0-a4bf-4432-a7db-84f191f9f36a}</UniqueIdentifier>
    </Filter>
    <Filter Include="assets">
      <UniqueIdentifier>{fad24d1a-0d86-4382-a5a5-411a90ee6690}</UniqueIdentifier>
    </Filter>
    <Filter Include="assets\shaders">
      <UniqueIdentifier>{5eb8ce90-d410-44b3-abd3-25a2126c6237}</UniqueIdentifier>
    </Filter>
    <Filter Include="global">
      <UniqueIdentifier>{11ad62ea-5a02-4f8d-9c20-d1ad0af6320e}</UniqueIdentifier>
    </Filter>
    <Filter Include="core">
      <UniqueIdentifier>{9caae71b-cc91-4f88-808e-6ea11ee08864}</UniqueIdentifier>
    </Filter>
    <Filter Include="Gfx\D3D">
      <UniqueIdentifier>{2574de33-206a-4585-b92b-e27587a49120}</UniqueIdentifier>
    </Filter>
    <Filter Include="Gfx\OGL">
      <UniqueIdentifier>{10377df4-d85b-4fc9-a18b-0e30d1ad06e1}</UniqueIdentifier>
    </Filter>
  </ItemGroup>
  <ItemGroup>
    <ClCompile Include="..\platform\WIN32\Win32Application.cpp">
      <Filter>Platform</Filter>
    </ClCompile>
    <ClCompile Include="..\platform\WIN32\Win32OpenGL.cpp">
      <Filter>Platform</Filter>
    </ClCompile>
    <ClCompile Include="..\global\atomic.cpp">
      <Filter>global</Filter>
    </ClCompile>
    <ClCompile Include="..\global\memory.cpp">
      <Filter>global</Filter>
    </ClCompile>
    <ClCompile Include="..\global\Rand.cpp">
      <Filter>global</Filter>
    </ClCompile>
    <ClCompile Include="..\global\vectormath.cpp">
      <Filter>global</Filter>
    </ClCompile>
    <ClCompile Include="..\core\Engine.cpp">
      <Filter>core</Filter>
    </ClCompile>
    <ClCompile Include="..\core\InputManager.cpp">
      <Filter>core</Filter>
    </ClCompile>
    <ClCompile Include="..\core\MessageDispatcher.cpp">
      <Filter>core</Filter>
    </ClCompile>
    <ClCompile Include="..\core\System.cpp">
      <Filter>core</Filter>
    </ClCompile>
    <ClCompile Include="..\core\TaskManager.cpp">
      <Filter>core</Filter>
    </ClCompile>
    <ClCompile Include="..\core\Thread.cpp">
      <Filter>core</Filter>
    </ClCompile>
    <ClCompile Include="..\core\timer.cpp">
      <Filter>core</Filter>
    </ClCompile>
    <ClCompile Include="..\core\Window.cpp">
      <Filter>core</Filter>
    </ClCompile>
    <ClCompile Include="..\gfx\Graphics.cpp">
      <Filter>Gfx</Filter>
    </ClCompile>
    <ClCompile Include="..\gfx\Renderer.cpp">
      <Filter>Gfx</Filter>
    </ClCompile>
    <ClCompile Include="..\gfx\OGL\OGLGraphics.cpp">
      <Filter>Gfx\OGL</Filter>
    </ClCompile>
    <ClCompile Include="..\main.cpp" />
    <ClCompile Include="..\gfx\D3D\D3DGraphics.cpp">
      <Filter>Gfx\D3D</Filter>
    </ClCompile>
    <ClCompile Include="..\gfx\D3D\D3DGraphicsObjects.cpp">
      <Filter>Gfx\D3D</Filter>
    </ClCompile>
    <ClCompile Include="..\gfx\OGL\OGLGraphicsObjects.cpp">
      <Filter>Gfx\OGL</Filter>
    </ClCompile>
    <ClCompile Include="..\gfx\Mesh.cpp">
      <Filter>Gfx</Filter>
    </ClCompile>
    <ClCompile Include="..\gfx\VertexFormats.cpp">
      <Filter>Gfx</Filter>
    </ClCompile>
    <ClCompile Include="..\gfx\View.cpp">
      <Filter>Gfx</Filter>
    </ClCompile>
    <ClCompile Include="..\global\utility.cpp">
      <Filter>global</Filter>
    </ClCompile>
    <ClCompile Include="..\scene\Component.cpp">
      <Filter>Scene</Filter>
    </ClCompile>
    <ClCompile Include="..\scene\ObjectManager.cpp">
      <Filter>Scene</Filter>
    </ClCompile>
    <ClCompile Include="..\scene\Terrain.cpp">
      <Filter>core</Filter>
    </ClCompile>
    <ClCompile Include="..\core\Camera.cpp">
      <Filter>core</Filter>
    </ClCompile>
  </ItemGroup>
  <ItemGroup>
    <ClInclude Include="..\platform\WIN32\Win32Application.h">
      <Filter>Platform</Filter>
    </ClInclude>
    <ClInclude Include="..\platform\SystemOpenGL.h">
      <Filter>Platform</Filter>
    </ClInclude>
    <ClInclude Include="..\global\assert.h">
      <Filter>global</Filter>
    </ClInclude>
    <ClInclude Include="..\global\atomic.h">
      <Filter>global</Filter>
    </ClInclude>
    <ClInclude Include="..\global\common.h">
      <Filter>global</Filter>
    </ClInclude>
    <ClInclude Include="..\global\config.h">
      <Filter>global</Filter>
    </ClInclude>
    <ClInclude Include="..\global\memory.h">
      <Filter>global</Filter>
    </ClInclude>
    <ClInclude Include="..\global\rand.h">
      <Filter>global</Filter>
    </ClInclude>
    <ClInclude Include="..\global\types.h">
      <Filter>global</Filter>
    </ClInclude>
    <ClInclude Include="..\global\vectormath.h">
      <Filter>global</Filter>
    </ClInclude>
    <ClInclude Include="..\core\Engine.h">
      <Filter>core</Filter>
    </ClInclude>
    <ClInclude Include="..\core\IListener.h">
      <Filter>core</Filter>
    </ClInclude>
    <ClInclude Include="..\core\Input.h">
      <Filter>core</Filter>
    </ClInclude>
    <ClInclude Include="..\core\InputManager.h">
      <Filter>core</Filter>
    </ClInclude>
    <ClInclude Include="..\core\IRefCounted.h">
      <Filter>core</Filter>
    </ClInclude>
    <ClInclude Include="..\core\Message.h">
      <Filter>core</Filter>
    </ClInclude>
    <ClInclude Include="..\core\MessageDispatcher.h">
      <Filter>core</Filter>
    </ClInclude>
    <ClInclude Include="..\core\System.h">
      <Filter>core</Filter>
    </ClInclude>
    <ClInclude Include="..\core\TaskManager.h">
      <Filter>core</Filter>
    </ClInclude>
    <ClInclude Include="..\core\Thread.h">
      <Filter>core</Filter>
    </ClInclude>
    <ClInclude Include="..\core\timer.h">
      <Filter>core</Filter>
    </ClInclude>
    <ClInclude Include="..\core\Window.h">
      <Filter>core</Filter>
    </ClInclude>
    <ClInclude Include="..\gfx\Graphics.h">
      <Filter>Gfx</Filter>
    </ClInclude>
    <ClInclude Include="..\gfx\Renderer.h">
      <Filter>Gfx</Filter>
    </ClInclude>
    <ClInclude Include="..\gfx\OGL\OGLGraphics.h">
      <Filter>Gfx\OGL</Filter>
    </ClInclude>
    <ClInclude Include="..\todo.h" />
    <ClInclude Include="..\gfx\D3D\D3DGraphics.h">
      <Filter>Gfx\D3D</Filter>
    </ClInclude>
    <ClInclude Include="..\gfx\D3D\D3DGraphicsObjects.h">
      <Filter>Gfx\D3D</Filter>
    </ClInclude>
    <ClInclude Include="..\gfx\GraphicsObjects.h">
      <Filter>Gfx</Filter>
    </ClInclude>
    <ClInclude Include="..\gfx\OGL\OGLGraphicsObjects.h">
      <Filter>Gfx\OGL</Filter>
    </ClInclude>
    <ClInclude Include="..\gfx\Mesh.h">
      <Filter>Gfx</Filter>
    </ClInclude>
    <ClInclude Include="..\gfx\VertexFormats.h">
      <Filter>Gfx</Filter>
    </ClInclude>
    <ClInclude Include="..\gfx\View.h">
      <Filter>Gfx</Filter>
    </ClInclude>
    <ClInclude Include="..\global\utility.h">
      <Filter>global</Filter>
    </ClInclude>
    <ClInclude Include="..\scene\Component.h">
      <Filter>Scene</Filter>
    </ClInclude>
    <ClInclude Include="..\scene\ObjectManager.h">
      <Filter>Scene</Filter>
    </ClInclude>
    <ClInclude Include="..\scene\Terrain.h">
      <Filter>core</Filter>
    </ClInclude>
    <ClInclude Include="..\core\Camera.h">
      <Filter>core</Filter>
    </ClInclude>
  </ItemGroup>
  <ItemGroup>
    <None Include="..\..\assets\shaders\BasicPixelShader.hlsl">
      <Filter>assets\shaders</Filter>
    </None>
    <None Include="..\..\assets\shaders\BasicVertexShader.hlsl">
      <Filter>assets\shaders</Filter>
    </None>
    <None Include="..\..\assets\shaders\BasicPixelShader.glsl">
      <Filter>assets\shaders</Filter>
    </None>
    <None Include="..\..\assets\shaders\BasicVertexShader.glsl">
      <Filter>assets\shaders</Filter>
    </None>
  </ItemGroup>
</Project>